
Microsoft Visual Studio Solution File, Format Version 12.00
# Visual Studio Version 18
VisualStudioVersion = 18.6.11819.183
MinimumVisualStudioVersion = 10.0.40219.1
Project("{8BC9CEB8-8B4A-11D0-8D11-00A0C91BC942}") = "4.1 - Árboles libres", "projects\4.1 - Árboles libres\4.1 - Árboles libres.vcxproj", "{A312DA5F-884B-434F-92A0-1B85D071B8A7}"
EndProject
Project("{8BC9CEB8-8B4A-11D0-8D11-00A0C91BC942}") = "4.2 - Grafo bipartito", "projects\4.2 - Grafo bipartito\4.2 - Grafo bipartito.vcxproj", "{FFF10DAA-A531-4866-B67A-DD502FDC713B}"
EndProject
Project("{8BC9CEB8-8B4A-11D0-8D11-00A0C91BC942}") = "4.5 - Los numeros de Bacon", "projects\4.5 - Los numeros de Bacon\4.5 - Los numeros de Bacon.vcxproj", "{C23D3C70-F191-4954-81FA-6616DBCDA459}"
EndProject
Project("{8BC9CEB8-8B4A-11D0-8D11-00A0C91BC942}") = "5.2 - Paella los jueves", "projects\5.2 - Paella los jueves\5.2 - Paella los jueves.vcxproj", "{49C2AE84-CD60-454F-9E04-CED57C61EB68}"
EndProject
Project("{8BC9CEB8-8B4A-11D0-8D11-00A0C91BC942}") = "5.3 - Ordenando tareas", "projects\5.3 - Ordenando tareas\5.3 - Ordenando tareas.vcxproj", "{D144B42B-182A-4169-A4BA-B2A25E8A6E13}"
EndProject
Project("{8BC9CEB8-8B4A-11D0-8D11-00A0C91BC942}") = "6.1 - Petroleros hundidos", "projects\6.1 - Petroleros hundidos\6.1 - Petroleros hundidos.vcxproj", "{1EC664B0-729C-40DF-9F38-50F7326EA401}"
EndProject
Project("{8BC9CEB8-8B4A-11D0-8D11-00A0C91BC942}") = "6.2 - Camiones de reparto", "projects\6.2 - Camiones de reparto\6.2 - Camiones de reparto.vcxproj", "{A4BB61C4-4B3A-4353-9FF0-64B2C27936F4}"
EndProject
Project("{8BC9CEB8-8B4A-11D0-8D11-00A0C91BC942}") = "6.3 - Recorriendo el archipielago en bicicleta", "projects\6.3 - Recorriendo el archipielago en bicicleta\6.3 - Recorriendo el archipielago en bicicleta.vcxproj", "{6A689095-FAFA-4FE8-B703-8F955CF3D06E}"
EndProject
Project("{8BC9CEB8-8B4A-11D0-8D11-00A0C91BC942}") = "7.1 - RapidEats", "projects\7.1 - RapidEats\7.1 - RapidEats.vcxproj", "{07B87248-FDF5-48BC-B366-E5478896D00A}"
EndProject
Project("{8BC9CEB8-8B4A-11D0-8D11-00A0C91BC942}") = "7.2 - Navegando sin teclado", "projects\7.2 - Navegando sin teclado\7.2 - Navegando sin teclado.vcxproj", "{7C98114B-5418-48D8-A4E2-6B323A9A8E07}"
EndProject
Project("{8BC9CEB8-8B4A-11D0-8D11-00A0C91BC942}") = "7.3 - Camino al cole", "projects\7.3 - Camino al cole\7.3 - Camino al cole.vcxproj", "{139A9C15-0C44-4253-A8D1-BB2A78AFC52D}"
EndProject
Project("{8BC9CEB8-8B4A-11D0-8D11-00A0C91BC942}") = "8.1 - Agujeros en la manguera", "projects\8.1 - Agujeros en la manguera\8.1 - Agujeros en la manguera.vcxproj", "{5C3CCB14-F561-459C-8A45-F021FE890F69}"
EndProject
Project("{8BC9CEB8-8B4A-11D0-8D11-00A0C91BC942}") = "8.2 - ¡Nos invaden!", "projects\8.2 - ¡Nos invaden!\8.2 - ¡Nos invaden!.vcxproj", "{8117A1B1-5E8D-4666-B9B0-B503D2EEEAA1}"
EndProject
Project("{8BC9CEB8-8B4A-11D0-8D11-00A0C91BC942}") = "9.1 - ¡En primera línea de playa!", "projects\9.1 - ¡En primera línea de playa!\9.1 - ¡En primera línea de playa!.vcxproj", "{4A2331A2-7E42-456E-B27E-5BC1CBE13602}"
EndProject
Project("{8BC9CEB8-8B4A-11D0-8D11-00A0C91BC942}") = "9.2 - El alienígena infiltrado", "projects\9.2 - El alienígena infiltrado\9.2 - El alienígena infiltrado.vcxproj", "{1A6DF4E2-449F-43CF-8338-6E1FE23B297F}"
EndProject
Global
	GlobalSection(SolutionConfigurationPlatforms) = preSolution
		Debug|x64 = Debug|x64
		Debug|x86 = Debug|x86
		Release|x64 = Release|x64
		Release|x86 = Release|x86
	EndGlobalSection
	GlobalSection(ProjectConfigurationPlatforms) = postSolution
		{A312DA5F-884B-434F-92A0-1B85D071B8A7}.Debug|x64.ActiveCfg = Debug|x64
		{A312DA5F-884B-434F-92A0-1B85D071B8A7}.Debug|x64.Build.0 = Debug|x64
		{A312DA5F-884B-434F-92A0-1B85D071B8A7}.Debug|x86.ActiveCfg = Debug|Win32
		{A312DA5F-884B-434F-92A0-1B85D071B8A7}.Debug|x86.Build.0 = Debug|Win32
		{A312DA5F-884B-434F-92A0-1B85D071B8A7}.Release|x64.ActiveCfg = Release|x64
		{A312DA5F-884B-434F-92A0-1B85D071B8A7}.Release|x64.Build.0 = Release|x64
		{A312DA5F-884B-434F-92A0-1B85D071B8A7}.Release|x86.ActiveCfg = Release|Win32
		{A312DA5F-884B-434F-92A0-1B85D071B8A7}.Release|x86.Build.0 = Release|Win32
		{FFF10DAA-A531-4866-B67A-DD502FDC713B}.Debug|x64.ActiveCfg = Debug|x64
		{FFF10DAA-A531-4866-B67A-DD502FDC713B}.Debug|x64.Build.0 = Debug|x64
		{FFF10DAA-A531-4866-B67A-DD502FDC713B}.Debug|x86.ActiveCfg = Debug|Win32
		{FFF10DAA-A531-4866-B67A-DD502FDC713B}.Debug|x86.Build.0 = Debug|Win32
		{FFF10DAA-A531-4866-B67A-DD502FDC713B}.Release|x64.ActiveCfg = Release|x64
		{FFF10DAA-A531-4866-B67A-DD502FDC713B}.Release|x64.Build.0 = Release|x64
		{FFF10DAA-A531-4866-B67A-DD502FDC713B}.Release|x86.ActiveCfg = Release|Win32
		{FFF10DAA-A531-4866-B67A-DD502FDC713B}.Release|x86.Build.0 = Release|Win32
		{C23D3C70-F191-4954-81FA-6616DBCDA459}.Debug|x64.ActiveCfg = Debug|x64
		{C23D3C70-F191-4954-81FA-6616DBCDA459}.Debug|x64.Build.0 = Debug|x64
		{C23D3C70-F191-4954-81FA-6616DBCDA459}.Debug|x86.ActiveCfg = Debug|Win32
		{C23D3C70-F191-4954-81FA-6616DBCDA459}.Debug|x86.Build.0 = Debug|Win32
		{C23D3C70-F191-4954-81FA-6616DBCDA459}.Release|x64.ActiveCfg = Release|x64
		{C23D3C70-F191-4954-81FA-6616DBCDA459}.Release|x64.Build.0 = Release|x64
		{C23D3C70-F191-4954-81FA-6616DBCDA459}.Release|x86.ActiveCfg = Release|Win32
		{C23D3C70-F191-4954-81FA-6616DBCDA459}.Release|x86.Build.0 = Release|Win32
		{49C2AE84-CD60-454F-9E04-CED57C61EB68}.Debug|x64.ActiveCfg = Debug|x64
		{49C2AE84-CD60-454F-9E04-CED57C61EB68}.Debug|x64.Build.0 = Debug|x64
		{49C2AE84-CD60-454F-9E04-CED57C61EB68}.Debug|x86.ActiveCfg = Debug|Win32
		{49C2AE84-CD60-454F-9E04-CED57C61EB68}.Debug|x86.Build.0 = Debug|Win32
		{49C2AE84-CD60-454F-9E04-CED57C61EB68}.Release|x64.ActiveCfg = Release|x64
		{49C2AE84-CD60-454F-9E04-CED57C61EB68}.Release|x64.Build.0 = Release|x64
		{49C2AE84-CD60-454F-9E04-CED57C61EB68}.Release|x86.ActiveCfg = Release|Win32
		{49C2AE84-CD60-454F-9E04-CED57C61EB68}.Release|x86.Build.0 = Release|Win32
		{D144B42B-182A-4169-A4BA-B2A25E8A6E13}.Debug|x64.ActiveCfg = Debug|x64
		{D144B42B-182A-4169-A4BA-B2A25E8A6E13}.Debug|x64.Build.0 = Debug|x64
		{D144B42B-182A-4169-A4BA-B2A25E8A6E13}.Debug|x86.ActiveCfg = Debug|Win32
		{D144B42B-182A-4169-A4BA-B2A25E8A6E13}.Debug|x86.Build.0 = Debug|Win32
		{D144B42B-182A-4169-A4BA-B2A25E8A6E13}.Release|x64.ActiveCfg = Release|x64
		{D144B42B-182A-4169-A4BA-B2A25E8A6E13}.Release|x64.Build.0 = Release|x64
		{D144B42B-182A-4169-A4BA-B2A25E8A6E13}.Release|x86.ActiveCfg = Release|Win32
		{D144B42B-182A-4169-A4BA-B2A25E8A6E13}.Release|x86.Build.0 = Release|Win32
		{1EC664B0-729C-40DF-9F38-50F7326EA401}.Debug|x64.ActiveCfg = Debug|x64
		{1EC664B0-729C-40DF-9F38-50F7326EA401}.Debug|x64.Build.0 = Debug|x64
		{1EC664B0-729C-40DF-9F38-50F7326EA401}.Debug|x86.ActiveCfg = Debug|Win32
		{1EC664B0-729C-40DF-9F38-50F7326EA401}.Debug|x86.Build.0 = Debug|Win32
		{1EC664B0-729C-40DF-9F38-50F7326EA401}.Release|x64.ActiveCfg = Release|x64
		{1EC664B0-729C-40DF-9F38-50F7326EA401}.Release|x64.Build.0 = Release|x64
		{1EC664B0-729C-40DF-9F38-50F7326EA401}.Release|x86.ActiveCfg = Release|Win32
		{1EC664B0-729C-40DF-9F38-50F7326EA401}.Release|x86.Build.0 = Release|Win32
		{A4BB61C4-4B3A-4353-9FF0-64B2C27936F4}.Debug|x64.ActiveCfg = Debug|x64
		{A4BB61C4-4B3A-4353-9FF0-64B2C27936F4}.Debug|x64.Build.0 = Debug|x64
		{A4BB61C4-4B3A-4353-9FF0-64B2C27936F4}.Debug|x86.ActiveCfg = Debug|Win32
		{A4BB61C4-4B3A-4353-9FF0-64B2C27936F4}.Debug|x86.Build.0 = Debug|Win32
		{A4BB61C4-4B3A-4353-9FF0-64B2C27936F4}.Release|x64.ActiveCfg = Release|x64
		{A4BB61C4-4B3A-4353-9FF0-64B2C27936F4}.Release|x64.Build.0 = Release|x64
		{A4BB61C4-4B3A-4353-9FF0-64B2C27936F4}.Release|x86.ActiveCfg = Release|Win32
		{A4BB61C4-4B3A-4353-9FF0-64B2C27936F4}.Release|x86.Build.0 = Release|Win32
		{6A689095-FAFA-4FE8-B703-8F955CF3D06E}.Debug|x64.ActiveCfg = Debug|x64
		{6A689095-FAFA-4FE8-B703-8F955CF3D06E}.Debug|x64.Build.0 = Debug|x64
		{6A689095-FAFA-4FE8-B703-8F955CF3D06E}.Debug|x86.ActiveCfg = Debug|Win32
		{6A689095-FAFA-4FE8-B703-8F955CF3D06E}.Debug|x86.Build.0 = Debug|Win32
		{6A689095-FAFA-4FE8-B703-8F955CF3D06E}.Release|x64.ActiveCfg = Release|x64
		{6A689095-FAFA-4FE8-B703-8F955CF3D06E}.Release|x64.Build.0 = Release|x64
		{6A689095-FAFA-4FE8-B703-8F955CF3D06E}.Release|x86.ActiveCfg = Release|Win32
		{6A689095-FAFA-4FE8-B703-8F955CF3D06E}.Release|x86.Build.0 = Release|Win32
		{07B87248-FDF5-48BC-B366-E5478896D00A}.Debug|x64.ActiveCfg = Debug|x64
		{07B87248-FDF5-48BC-B366-E5478896D00A}.Debug|x64.Build.0 = Debug|x64
		{07B87248-FDF5-48BC-B366-E5478896D00A}.Debug|x86.ActiveCfg = Debug|Win32
		{07B87248-FDF5-48BC-B366-E5478896D00A}.Debug|x86.Build.0 = Debug|Win32
		{07B87248-FDF5-48BC-B366-E5478896D00A}.Release|x64.ActiveCfg = Release|x64
		{07B87248-FDF5-48BC-B366-E5478896D00A}.Release|x64.Build.0 = Release|x64
		{07B87248-FDF5-48BC-B366-E5478896D00A}.Release|x86.ActiveCfg = Release|Win32
		{07B87248-FDF5-48BC-B366-E5478896D00A}.Release|x86.Build.0 = Release|Win32
		{7C98114B-5418-48D8-A4E2-6B323A9A8E07}.Debug|x64.ActiveCfg = Debug|x64
		{7C98114B-5418-48D8-A4E2-6B323A9A8E07}.Debug|x64.Build.0 = Debug|x64
		{7C98114B-5418-48D8-A4E2-6B323A9A8E07}.Debug|x86.ActiveCfg = Debug|Win32
		{7C98114B-5418-48D8-A4E2-6B323A9A8E07}.Debug|x86.Build.0 = Debug|Win32
		{7C98114B-5418-48D8-A4E2-6B323A9A8E07}.Release|x64.ActiveCfg = Release|x64
		{7C98114B-5418-48D8-A4E2-6B323A9A8E07}.Release|x64.Build.0 = Release|x64
		{7C98114B-5418-48D8-A4E2-6B323A9A8E07}.Release|x86.ActiveCfg = Release|Win32
		{7C98114B-5418-48D8-A4E2-6B323A9A8E07}.Release|x86.Build.0 = Release|Win32
		{139A9C15-0C44-4253-A8D1-BB2A78AFC52D}.Debug|x64.ActiveCfg = Debug|x64
		{139A9C15-0C44-4253-A8D1-BB2A78AFC52D}.Debug|x64.Build.0 = Debug|x64
		{139A9C15-0C44-4253-A8D1-BB2A78AFC52D}.Debug|x86.ActiveCfg = Debug|Win32
		{139A9C15-0C44-4253-A8D1-BB2A78AFC52D}.Debug|x86.Build.0 = Debug|Win32
		{139A9C15-0C44-4253-A8D1-BB2A78AFC52D}.Release|x64.ActiveCfg = Release|x64
		{139A9C15-0C44-4253-A8D1-BB2A78AFC52D}.Release|x64.Build.0 = Release|x64
		{139A9C15-0C44-4253-A8D1-BB2A78AFC52D}.Release|x86.ActiveCfg = Release|Win32
		{139A9C15-0C44-4253-A8D1-BB2A78AFC52D}.Release|x86.Build.0 = Release|Win32
		{5C3CCB14-F561-459C-8A45-F021FE890F69}.Debug|x64.ActiveCfg = Debug|x64
		{5C3CCB14-F561-459C-8A45-F021FE890F69}.Debug|x64.Build.0 = Debug|x64
		{5C3CCB14-F561-459C-8A45-F021FE890F69}.Debug|x86.ActiveCfg = Debug|Win32
		{5C3CCB14-F561-459C-8A45-F021FE890F69}.Debug|x86.Build.0 = Debug|Win32
		{5C3CCB14-F561-459C-8A45-F021FE890F69}.Release|x64.ActiveCfg = Release|x64
		{5C3CCB14-F561-459C-8A45-F021FE890F69}.Release|x64.Build.0 = Release|x64
		{5C3CCB14-F561-459C-8A45-F021FE890F69}.Release|x86.ActiveCfg = Release|Win32
		{5C3CCB14-F561-459C-8A45-F021FE890F69}.Release|x86.Build.0 = Release|Win32
		{8117A1B1-5E8D-4666-B9B0-B503D2EEEAA1}.Debug|x64.ActiveCfg = Debug|x64
		{8117A1B1-5E8D-4666-B9B0-B503D2EEEAA1}.Debug|x64.Build.0 = Debug|x64
		{8117A1B1-5E8D-4666-B9B0-B503D2EEEAA1}.Debug|x86.ActiveCfg = Debug|Win32
		{8117A1B1-5E8D-4666-B9B0-B503D2EEEAA1}.Debug|x86.Build.0 = Debug|Win32
		{8117A1B1-5E8D-4666-B9B0-B503D2EEEAA1}.Release|x64.ActiveCfg = Release|x64
		{8117A1B1-5E8D-4666-B9B0-B503D2EEEAA1}.Release|x64.Build.0 = Release|x64
		{8117A1B1-5E8D-4666-B9B0-B503D2EEEAA1}.Release|x86.ActiveCfg = Release|Win32
		{8117A1B1-5E8D-4666-B9B0-B503D2EEEAA1}.Release|x86.Build.0 = Release|Win32
		{4A2331A2-7E42-456E-B27E-5BC1CBE13602}.Debug|x64.ActiveCfg = Debug|x64
		{4A2331A2-7E42-456E-B27E-5BC1CBE13602}.Debug|x64.Build.0 = Debug|x64
		{4A2331A2-7E42-456E-B27E-5BC1CBE13602}.Debug|x86.ActiveCfg = Debug|Win32
		{4A2331A2-7E42-456E-B27E-5BC1CBE13602}.Debug|x86.Build.0 = Debug|Win32
		{4A2331A2-7E42-456E-B27E-5BC1CBE13602}.Release|x64.ActiveCfg = Release|x64
		{4A2331A2-7E42-456E-B27E-5BC1CBE13602}.Release|x64.Build.0 = Release|x64
		{4A2331A2-7E42-456E-B27E-5BC1CBE13602}.Release|x86.ActiveCfg = Release|Win32
		{4A2331A2-7E42-456E-B27E-5BC1CBE13602}.Release|x86.Build.0 = Release|Win32
		{1A6DF4E2-449F-43CF-8338-6E1FE23B297F}.Debug|x64.ActiveCfg = Debug|x64
		{1A6DF4E2-449F-43CF-8338-6E1FE23B297F}.Debug|x64.Build.0 = Debug|x64
		{1A6DF4E2-449F-43CF-8338-6E1FE23B297F}.Debug|x86.ActiveCfg = Debug|Win32
		{1A6DF4E2-449F-43CF-8338-6E1FE23B297F}.Debug|x86.Build.0 = Debug|Win32
		{1A6DF4E2-449F-43CF-8338-6E1FE23B297F}.Release|x64.ActiveCfg = Release|x64
		{1A6DF4E2-449F-43CF-8338-6E1FE23B297F}.Release|x64.Build.0 = Release|x64
		{1A6DF4E2-449F-43CF-8338-6E1FE23B297F}.Release|x86.ActiveCfg = Release|Win32
		{1A6DF4E2-449F-43CF-8338-6E1FE23B297F}.Release|x86.Build.0 = Release|Win32
	EndGlobalSection
	GlobalSection(SolutionProperties) = preSolution
		HideSolutionNode = FALSE
	EndGlobalSection
	GlobalSection(ExtensibilityGlobals) = postSolution
		SolutionGuid = {AEB07E40-E265-4CEB-BDC9-6571831989B9}
	EndGlobalSection
EndGlobal
