
Microsoft Visual Studio Solution File, Format Version 12.00
# Visual Studio Version 18
VisualStudioVersion = 18.6.11819.183
MinimumVisualStudioVersion = 10.0.40219.1
Project("{8BC9CEB8-8B4A-11D0-8D11-00A0C91BC942}") = "4.1 - Árboles libres", "projects\4.1 - Árboles libres\4.1 - Árboles libres.vcxproj", "{A312DA5F-884B-434F-92A0-1B85D071B8A7}"
EndProject
Project("{8BC9CEB8-8B4A-11D0-8D11-00A0C91BC942}") = "4.2 - Grafo bipartito", "projects\4.2 - Grafo bipartito\4.2 - Grafo bipartito.vcxproj", "{FFF10DAA-A531-4866-B67A-DD502FDC713B}"
EndProject
Project("{8BC9CEB8-8B4A-11D0-8D11-00A0C91BC942}") = "4.5 - Los numeros de Bacon", "projects\4.5 - Los numeros de Bacon\4.5 - Los numeros de Bacon.vcxproj", "{C23D3C70-F191-4954-81FA-6616DBCDA459}"
EndProject
Project("{8BC9CEB8-8B4A-11D0-8D11-00A0C91BC942}") = "5.2 - Paella los jueves", "projects\5.2 - Paella los jueves\5.2 - Paella los jueves.vcxproj", "{49C2AE84-CD60-454F-9E04-CED57C61EB68}"
EndProject
Project("{8BC9CEB8-8B4A-11D0-8D11-00A0C91BC942}") = "5.3 - Ordenando tareas", "projects\5.3 - Ordenando tareas\5.3 - Ordenando tareas.vcxproj", "{D144B42B-182A-4169-A4BA-B2A25E8A6E13}"
EndProject
Project("{8BC9CEB8-8B4A-11D0-8D11-00A0C91BC942}") = "6.1 - Petroleros hundidos", "projects\6.1 - Petroleros hundidos\6.1 - Petroleros hundidos.vcxproj", "{1EC664B0-729C-40DF-9F38-50F7326EA401}"
EndProject
Project("{8BC9CEB8-8B4A-11D0-8D11-00A0C91BC942}") = "6.2 - Camiones de reparto", "projects\6.2 - Camiones de reparto\6.2 - Camiones de reparto.vcxproj", "{A4BB61C4-4B3A-4353-9FF0-64B2C27936F4}"
EndProject
Project("{8BC9CEB8-8B4A-11D0-8D11-00A0C91BC942}") = "6.3 - Recorriendo el archipielago en bicicleta", "projects\6.3 - Recorriendo el archipielago en bicicleta\6.3 - Recorriendo el archipielago en bicicleta.vcxproj", "{6A689095-FAFA-4FE8-B703-8F955CF3D06E}"
EndProject
Project("{8BC9CEB8-8B4A-11D0-8D11-00A0C91BC942}") = "7.1 - RapidEats", "projects\7.1 - RapidEats\7.1 - RapidEats.vcxproj", "{07B87248-FDF5-48BC-B366-E5478896D00A}"
EndProject
Project("{8BC9CEB8-8B4A-11D0-8D11-00A0C91BC942}") = "7.2 - Navegando sin teclado", "projects\7.2 - Navegando sin teclado\7.2 - Navegando sin teclado.vcxproj", "{7C98114B-5418-48D8-A4E2-6B323A9A8E07}"
EndProject
Project("{8BC9CEB8-8B4A-11D0-8D11-00A0C91BC942}") = "7.3 - Camino al cole", "projects\7.3 - Camino al cole\7.3 - Camino al cole.vcxproj", "{139A9C15-0C44-4253-A8D1-BB2A78AFC52D}"
EndProject
Project("{8BC9CEB8-8B4A-11D0-8D11-00A0C91BC942}") = "8.1 - Agujeros en la manguera", "projects\8.1 - Agujeros en la manguera\8.1 - Agujeros en la manguera.vcxproj", "{5C3CCB14-F561-459C-8A45-F021FE890F69}"
EndProject
Project("{8BC9CEB8-8B4A-11D0-8D11-00A0C91BC942}") = "8.2 - ¡Nos invaden!", "projects\8.2 - ¡Nos invaden!\8.2 - ¡Nos invaden!.vcxproj", "{8117A1B1-5E8D-4666-B9B0-B503D2EEEAA1}"
EndProject
Project("{8BC9CEB8-8B4A-11D0-8D11-00A0C91BC942}") = "9.1 - ¡En primera línea de playa!", "projects\9.1 - ¡En primera línea de playa!\9.1 - ¡En primera línea de playa!.vcxproj", "{4A2331A2-7E42-456E-B27E-5BC1CBE13602}"
EndProject
Project("{8BC9CEB8-8B4A-11D0-8D11-00A0C91BC942}") = "9.2 - El alienígena infiltrado", "projects\9.2 - El alienígena infiltrado\9.2 - El alienígena infiltrado.vcxproj", "{1A6DF4E2-449F-43CF-8338-6E1FE23B297F}"
EndProject
Project("{8BC9CEB8-8B4A-11D0-8D11-00A0C91BC942}") = "A.1 - La cuerda de la cometa", "projects\A.1 - La cuerda de la cometa\A.1 - La cuerda de la cometa.vcxproj", "{3C6B9A16-ACCD-469A-A0FD-74FEA8D8EC12}"
EndProject
Project("{8BC9CEB8-8B4A-11D0-8D11-00A0C91BC942}") = "A.2 - Construyendo dianas", "projects\A.2 - Construyendo dianas\A.2 - Construyendo dianas.vcxproj", "{A044EC66-4D18-46F2-B3D1-264065315F1B}"
EndProject
Project("{8BC9CEB8-8B4A-11D0-8D11-00A0C91BC942}") = "B.1 - El cazatesoros", "projects\B.1 - El cazatesoros\B.1 - El cazatesoros.vcxproj", "{501EEC22-1997-4700-AECC-F2603AF43221}"
EndProject
Project("{8BC9CEB8-8B4A-11D0-8D11-00A0C91BC942}") = "B.2 - Aibofobia", "projects\B.2 - Aibofobia\B.2 - Aibofobia.vcxproj", "{B8931416-3922-4DE2-A96D-7DD57E025369}"
EndProject
Project("{8BC9CEB8-8B4A-11D0-8D11-00A0C91BC942}") = "A.3 - Esquivando las obras en los cruces", "projects\A.3 - Esquivando las obras en los cruces\A.3 - Esquivando las obras en los cruces.vcxproj", "{0CD3E704-9F85-4A9A-A3A9-D726D814E952}"
EndProject
Project("{8BC9CEB8-8B4A-11D0-8D11-00A0C91BC942}") = "A.4 - ¿Por dónde hay que subir", "projects\A.4 - ¿Por dónde hay que subir\A.4 - ¿Por dónde hay que subir.vcxproj", "{2F1FF6C5-C7F0-409B-9604-6CD8F52F3C0A}"
EndProject
Project("{8BC9CEB8-8B4A-11D0-8D11-00A0C91BC942}") = "B.3 - Nos vamos de concierto", "projects\B.3 - Nos vamos de concierto\B.3 - Nos vamos de concierto.vcxproj", "{6EBCD002-6652-4100-A2A4-ED189C6143E8}"
EndProject
Project("{8BC9CEB8-8B4A-11D0-8D11-00A0C91BC942}") = "B.4 - Las vacas pensantes", "projects\B.4 - Las vacas pensantes\B.4 - Las vacas pensantes.vcxproj", "{59BADB0A-15DE-4708-9C6F-4189464A4036}"
EndProject
Project("{8BC9CEB8-8B4A-11D0-8D11-00A0C91BC942}") = "B.5 - Seis grados de separacion", "projects\B.5 - Seis grados de separacion\B.5 - Seis grados de separacion.vcxproj", "{8F180FBA-95A8-439E-8822-FD8B393F587D}"
EndProject
Project("{8BC9CEB8-8B4A-11D0-8D11-00A0C91BC942}") = "C.1 - El carpintero Ebanisto", "projects\C.1 - El carpintero Ebanisto\C.1 - El carpintero Ebanisto.vcxproj", "{2C1DC4CA-DD83-48C9-BA02-97823A5002A5}"
EndProject
Project("{8BC9CEB8-8B4A-11D0-8D11-00A0C91BC942}") = "C.2 - Cine romántico a raudales", "projects\C.2 - Cine romántico a raudales\C.2 - Cine romántico a raudales.vcxproj", "{94353ED4-B2B6-485F-AEF5-BA770B60D1D1}"
EndProject
Project("{8BC9CEB8-8B4A-11D0-8D11-00A0C91BC942}") = "4.L - Peaje a la sombra", "projects\4.L - Peaje a la sombra\4.L - Peaje a la sombra.vcxproj", "{F73E9747-93B3-4B84-B40C-70FD6E858DFF}"
EndProject
Project("{8BC9CEB8-8B4A-11D0-8D11-00A0C91BC942}") = "5.L - El Necronomicón de la informática", "projects\5.L - El Necronomicón de la informática\5.L - El Necronomicón de la informática.vcxproj", "{7F14B9D7-FE8A-48EF-B1EA-9843D42BAEC9}"
EndProject
Project("{8BC9CEB8-8B4A-11D0-8D11-00A0C91BC942}") = "6.L - ¿Dónde construimos los aeropuertos", "projects\6.L - ¿Dónde construimos los aeropuertos\6.L - ¿Dónde construimos los aeropuertos.vcxproj", "{4D327FDB-6E75-435E-989D-9B815FDA386B}"
EndProject
Project("{8BC9CEB8-8B4A-11D0-8D11-00A0C91BC942}") = "7.L - Repartiendo paquetes", "projects\7.L - Repartiendo paquetes\7.L - Repartiendo paquetes.vcxproj", "{D341BD8A-E1CB-43EC-BF9E-6DD38C517F6E}"
EndProject
Project("{8BC9CEB8-8B4A-11D0-8D11-00A0C91BC942}") = "A.L - Cambio exacto", "projects\A.L - Cambio exacto\A.L - Cambio exacto.vcxproj", "{DC9FBD0F-BC23-4012-A1C9-E09036351B43}"
EndProject
Project("{8BC9CEB8-8B4A-11D0-8D11-00A0C91BC942}") = "B.L - La fiesta de graduación", "projects\B.L - La fiesta de graduación\B.L - La fiesta de graduación.vcxproj", "{963C1D9E-26D4-4ED7-A926-1D67A1425E71}"
EndProject
Project("{8BC9CEB8-8B4A-11D0-8D11-00A0C91BC942}") = "EN1 - Los recuerdos de Laura", "projects\EN1 - Los recuerdos de Laura\EN1 - Los recuerdos de Laura.vcxproj", "{A941396E-09F0-4EFD-ACC8-673DEF55559E}"
EndProject
Project("{8BC9CEB8-8B4A-11D0-8D11-00A0C91BC942}") = "EN2 - Megaautopista de Oriente", "projects\EN2 - Megaautopista de Oriente\EN2 - Megaautopista de Oriente.vcxproj", "{73A5C3AF-98FF-4849-AD81-7EDC4CD7B7EA}"
EndProject
Global
	GlobalSection(SolutionConfigurationPlatforms) = preSolution
		Debug|x64 = Debug|x64
		Debug|x86 = Debug|x86
		Release|x64 = Release|x64
		Release|x86 = Release|x86
	EndGlobalSection
	GlobalSection(ProjectConfigurationPlatforms) = postSolution
		{A312DA5F-884B-434F-92A0-1B85D071B8A7}.Debug|x64.ActiveCfg = Debug|x64
		{A312DA5F-884B-434F-92A0-1B85D071B8A7}.Debug|x64.Build.0 = Debug|x64
		{A312DA5F-884B-434F-92A0-1B85D071B8A7}.Debug|x86.ActiveCfg = Debug|Win32
		{A312DA5F-884B-434F-92A0-1B85D071B8A7}.Debug|x86.Build.0 = Debug|Win32
		{A312DA5F-884B-434F-92A0-1B85D071B8A7}.Release|x64.ActiveCfg = Release|x64
		{A312DA5F-884B-434F-92A0-1B85D071B8A7}.Release|x64.Build.0 = Release|x64
		{A312DA5F-884B-434F-92A0-1B85D071B8A7}.Release|x86.ActiveCfg = Release|Win32
		{A312DA5F-884B-434F-92A0-1B85D071B8A7}.Release|x86.Build.0 = Release|Win32
		{FFF10DAA-A531-4866-B67A-DD502FDC713B}.Debug|x64.ActiveCfg = Debug|x64
		{FFF10DAA-A531-4866-B67A-DD502FDC713B}.Debug|x64.Build.0 = Debug|x64
		{FFF10DAA-A531-4866-B67A-DD502FDC713B}.Debug|x86.ActiveCfg = Debug|Win32
		{FFF10DAA-A531-4866-B67A-DD502FDC713B}.Debug|x86.Build.0 = Debug|Win32
		{FFF10DAA-A531-4866-B67A-DD502FDC713B}.Release|x64.ActiveCfg = Release|x64
		{FFF10DAA-A531-4866-B67A-DD502FDC713B}.Release|x64.Build.0 = Release|x64
		{FFF10DAA-A531-4866-B67A-DD502FDC713B}.Release|x86.ActiveCfg = Release|Win32
		{FFF10DAA-A531-4866-B67A-DD502FDC713B}.Release|x86.Build.0 = Release|Win32
		{C23D3C70-F191-4954-81FA-6616DBCDA459}.Debug|x64.ActiveCfg = Debug|x64
		{C23D3C70-F191-4954-81FA-6616DBCDA459}.Debug|x64.Build.0 = Debug|x64
		{C23D3C70-F191-4954-81FA-6616DBCDA459}.Debug|x86.ActiveCfg = Debug|Win32
		{C23D3C70-F191-4954-81FA-6616DBCDA459}.Debug|x86.Build.0 = Debug|Win32
		{C23D3C70-F191-4954-81FA-6616DBCDA459}.Release|x64.ActiveCfg = Release|x64
		{C23D3C70-F191-4954-81FA-6616DBCDA459}.Release|x64.Build.0 = Release|x64
		{C23D3C70-F191-4954-81FA-6616DBCDA459}.Release|x86.ActiveCfg = Release|Win32
		{C23D3C70-F191-4954-81FA-6616DBCDA459}.Release|x86.Build.0 = Release|Win32
		{49C2AE84-CD60-454F-9E04-CED57C61EB68}.Debug|x64.ActiveCfg = Debug|x64
		{49C2AE84-CD60-454F-9E04-CED57C61EB68}.Debug|x64.Build.0 = Debug|x64
		{49C2AE84-CD60-454F-9E04-CED57C61EB68}.Debug|x86.ActiveCfg = Debug|Win32
		{49C2AE84-CD60-454F-9E04-CED57C61EB68}.Debug|x86.Build.0 = Debug|Win32
		{49C2AE84-CD60-454F-9E04-CED57C61EB68}.Release|x64.ActiveCfg = Release|x64
		{49C2AE84-CD60-454F-9E04-CED57C61EB68}.Release|x64.Build.0 = Release|x64
		{49C2AE84-CD60-454F-9E04-CED57C61EB68}.Release|x86.ActiveCfg = Release|Win32
		{49C2AE84-CD60-454F-9E04-CED57C61EB68}.Release|x86.Build.0 = Release|Win32
		{D144B42B-182A-4169-A4BA-B2A25E8A6E13}.Debug|x64.ActiveCfg = Debug|x64
		{D144B42B-182A-4169-A4BA-B2A25E8A6E13}.Debug|x64.Build.0 = Debug|x64
		{D144B42B-182A-4169-A4BA-B2A25E8A6E13}.Debug|x86.ActiveCfg = Debug|Win32
		{D144B42B-182A-4169-A4BA-B2A25E8A6E13}.Debug|x86.Build.0 = Debug|Win32
		{D144B42B-182A-4169-A4BA-B2A25E8A6E13}.Release|x64.ActiveCfg = Release|x64
		{D144B42B-182A-4169-A4BA-B2A25E8A6E13}.Release|x64.Build.0 = Release|x64
		{D144B42B-182A-4169-A4BA-B2A25E8A6E13}.Release|x86.ActiveCfg = Release|Win32
		{D144B42B-182A-4169-A4BA-B2A25E8A6E13}.Release|x86.Build.0 = Release|Win32
		{1EC664B0-729C-40DF-9F38-50F7326EA401}.Debug|x64.ActiveCfg = Debug|x64
		{1EC664B0-729C-40DF-9F38-50F7326EA401}.Debug|x64.Build.0 = Debug|x64
		{1EC664B0-729C-40DF-9F38-50F7326EA401}.Debug|x86.ActiveCfg = Debug|Win32
		{1EC664B0-729C-40DF-9F38-50F7326EA401}.Debug|x86.Build.0 = Debug|Win32
		{1EC664B0-729C-40DF-9F38-50F7326EA401}.Release|x64.ActiveCfg = Release|x64
		{1EC664B0-729C-40DF-9F38-50F7326EA401}.Release|x64.Build.0 = Release|x64
		{1EC664B0-729C-40DF-9F38-50F7326EA401}.Release|x86.ActiveCfg = Release|Win32
		{1EC664B0-729C-40DF-9F38-50F7326EA401}.Release|x86.Build.0 = Release|Win32
		{A4BB61C4-4B3A-4353-9FF0-64B2C27936F4}.Debug|x64.ActiveCfg = Debug|x64
		{A4BB61C4-4B3A-4353-9FF0-64B2C27936F4}.Debug|x64.Build.0 = Debug|x64
		{A4BB61C4-4B3A-4353-9FF0-64B2C27936F4}.Debug|x86.ActiveCfg = Debug|Win32
		{A4BB61C4-4B3A-4353-9FF0-64B2C27936F4}.Debug|x86.Build.0 = Debug|Win32
		{A4BB61C4-4B3A-4353-9FF0-64B2C27936F4}.Release|x64.ActiveCfg = Release|x64
		{A4BB61C4-4B3A-4353-9FF0-64B2C27936F4}.Release|x64.Build.0 = Release|x64
		{A4BB61C4-4B3A-4353-9FF0-64B2C27936F4}.Release|x86.ActiveCfg = Release|Win32
		{A4BB61C4-4B3A-4353-9FF0-64B2C27936F4}.Release|x86.Build.0 = Release|Win32
		{6A689095-FAFA-4FE8-B703-8F955CF3D06E}.Debug|x64.ActiveCfg = Debug|x64
		{6A689095-FAFA-4FE8-B703-8F955CF3D06E}.Debug|x64.Build.0 = Debug|x64
		{6A689095-FAFA-4FE8-B703-8F955CF3D06E}.Debug|x86.ActiveCfg = Debug|Win32
		{6A689095-FAFA-4FE8-B703-8F955CF3D06E}.Debug|x86.Build.0 = Debug|Win32
		{6A689095-FAFA-4FE8-B703-8F955CF3D06E}.Release|x64.ActiveCfg = Release|x64
		{6A689095-FAFA-4FE8-B703-8F955CF3D06E}.Release|x64.Build.0 = Release|x64
		{6A689095-FAFA-4FE8-B703-8F955CF3D06E}.Release|x86.ActiveCfg = Release|Win32
		{6A689095-FAFA-4FE8-B703-8F955CF3D06E}.Release|x86.Build.0 = Release|Win32
		{07B87248-FDF5-48BC-B366-E5478896D00A}.Debug|x64.ActiveCfg = Debug|x64
		{07B87248-FDF5-48BC-B366-E5478896D00A}.Debug|x64.Build.0 = Debug|x64
		{07B87248-FDF5-48BC-B366-E5478896D00A}.Debug|x86.ActiveCfg = Debug|Win32
		{07B87248-FDF5-48BC-B366-E5478896D00A}.Debug|x86.Build.0 = Debug|Win32
		{07B87248-FDF5-48BC-B366-E5478896D00A}.Release|x64.ActiveCfg = Release|x64
		{07B87248-FDF5-48BC-B366-E5478896D00A}.Release|x64.Build.0 = Release|x64
		{07B87248-FDF5-48BC-B366-E5478896D00A}.Release|x86.ActiveCfg = Release|Win32
		{07B87248-FDF5-48BC-B366-E5478896D00A}.Release|x86.Build.0 = Release|Win32
		{7C98114B-5418-48D8-A4E2-6B323A9A8E07}.Debug|x64.ActiveCfg = Debug|x64
		{7C98114B-5418-48D8-A4E2-6B323A9A8E07}.Debug|x64.Build.0 = Debug|x64
		{7C98114B-5418-48D8-A4E2-6B323A9A8E07}.Debug|x86.ActiveCfg = Debug|Win32
		{7C98114B-5418-48D8-A4E2-6B323A9A8E07}.Debug|x86.Build.0 = Debug|Win32
		{7C98114B-5418-48D8-A4E2-6B323A9A8E07}.Release|x64.ActiveCfg = Release|x64
		{7C98114B-5418-48D8-A4E2-6B323A9A8E07}.Release|x64.Build.0 = Release|x64
		{7C98114B-5418-48D8-A4E2-6B323A9A8E07}.Release|x86.ActiveCfg = Release|Win32
		{7C98114B-5418-48D8-A4E2-6B323A9A8E07}.Release|x86.Build.0 = Release|Win32
		{139A9C15-0C44-4253-A8D1-BB2A78AFC52D}.Debug|x64.ActiveCfg = Debug|x64
		{139A9C15-0C44-4253-A8D1-BB2A78AFC52D}.Debug|x64.Build.0 = Debug|x64
		{139A9C15-0C44-4253-A8D1-BB2A78AFC52D}.Debug|x86.ActiveCfg = Debug|Win32
		{139A9C15-0C44-4253-A8D1-BB2A78AFC52D}.Debug|x86.Build.0 = Debug|Win32
		{139A9C15-0C44-4253-A8D1-BB2A78AFC52D}.Release|x64.ActiveCfg = Release|x64
		{139A9C15-0C44-4253-A8D1-BB2A78AFC52D}.Release|x64.Build.0 = Release|x64
		{139A9C15-0C44-4253-A8D1-BB2A78AFC52D}.Release|x86.ActiveCfg = Release|Win32
		{139A9C15-0C44-4253-A8D1-BB2A78AFC52D}.Release|x86.Build.0 = Release|Win32
		{5C3CCB14-F561-459C-8A45-F021FE890F69}.Debug|x64.ActiveCfg = Debug|x64
		{5C3CCB14-F561-459C-8A45-F021FE890F69}.Debug|x64.Build.0 = Debug|x64
		{5C3CCB14-F561-459C-8A45-F021FE890F69}.Debug|x86.ActiveCfg = Debug|Win32
		{5C3CCB14-F561-459C-8A45-F021FE890F69}.Debug|x86.Build.0 = Debug|Win32
		{5C3CCB14-F561-459C-8A45-F021FE890F69}.Release|x64.ActiveCfg = Release|x64
		{5C3CCB14-F561-459C-8A45-F021FE890F69}.Release|x64.Build.0 = Release|x64
		{5C3CCB14-F561-459C-8A45-F021FE890F69}.Release|x86.ActiveCfg = Release|Win32
		{5C3CCB14-F561-459C-8A45-F021FE890F69}.Release|x86.Build.0 = Release|Win32
		{8117A1B1-5E8D-4666-B9B0-B503D2EEEAA1}.Debug|x64.ActiveCfg = Debug|x64
		{8117A1B1-5E8D-4666-B9B0-B503D2EEEAA1}.Debug|x64.Build.0 = Debug|x64
		{8117A1B1-5E8D-4666-B9B0-B503D2EEEAA1}.Debug|x86.ActiveCfg = Debug|Win32
		{8117A1B1-5E8D-4666-B9B0-B503D2EEEAA1}.Debug|x86.Build.0 = Debug|Win32
		{8117A1B1-5E8D-4666-B9B0-B503D2EEEAA1}.Release|x64.ActiveCfg = Release|x64
		{8117A1B1-5E8D-4666-B9B0-B503D2EEEAA1}.Release|x64.Build.0 = Release|x64
		{8117A1B1-5E8D-4666-B9B0-B503D2EEEAA1}.Release|x86.ActiveCfg = Release|Win32
		{8117A1B1-5E8D-4666-B9B0-B503D2EEEAA1}.Release|x86.Build.0 = Release|Win32
		{4A2331A2-7E42-456E-B27E-5BC1CBE13602}.Debug|x64.ActiveCfg = Debug|x64
		{4A2331A2-7E42-456E-B27E-5BC1CBE13602}.Debug|x64.Build.0 = Debug|x64
		{4A2331A2-7E42-456E-B27E-5BC1CBE13602}.Debug|x86.ActiveCfg = Debug|Win32
		{4A2331A2-7E42-456E-B27E-5BC1CBE13602}.Debug|x86.Build.0 = Debug|Win32
		{4A2331A2-7E42-456E-B27E-5BC1CBE13602}.Release|x64.ActiveCfg = Release|x64
		{4A2331A2-7E42-456E-B27E-5BC1CBE13602}.Release|x64.Build.0 = Release|x64
		{4A2331A2-7E42-456E-B27E-5BC1CBE13602}.Release|x86.ActiveCfg = Release|Win32
		{4A2331A2-7E42-456E-B27E-5BC1CBE13602}.Release|x86.Build.0 = Release|Win32
		{1A6DF4E2-449F-43CF-8338-6E1FE23B297F}.Debug|x64.ActiveCfg = Debug|x64
		{1A6DF4E2-449F-43CF-8338-6E1FE23B297F}.Debug|x64.Build.0 = Debug|x64
		{1A6DF4E2-449F-43CF-8338-6E1FE23B297F}.Debug|x86.ActiveCfg = Debug|Win32
		{1A6DF4E2-449F-43CF-8338-6E1FE23B297F}.Debug|x86.Build.0 = Debug|Win32
		{1A6DF4E2-449F-43CF-8338-6E1FE23B297F}.Release|x64.ActiveCfg = Release|x64
		{1A6DF4E2-449F-43CF-8338-6E1FE23B297F}.Release|x64.Build.0 = Release|x64
		{1A6DF4E2-449F-43CF-8338-6E1FE23B297F}.Release|x86.ActiveCfg = Release|Win32
		{1A6DF4E2-449F-43CF-8338-6E1FE23B297F}.Release|x86.Build.0 = Release|Win32
		{3C6B9A16-ACCD-469A-A0FD-74FEA8D8EC12}.Debug|x64.ActiveCfg = Debug|x64
		{3C6B9A16-ACCD-469A-A0FD-74FEA8D8EC12}.Debug|x64.Build.0 = Debug|x64
		{3C6B9A16-ACCD-469A-A0FD-74FEA8D8EC12}.Debug|x86.ActiveCfg = Debug|Win32
		{3C6B9A16-ACCD-469A-A0FD-74FEA8D8EC12}.Debug|x86.Build.0 = Debug|Win32
		{3C6B9A16-ACCD-469A-A0FD-74FEA8D8EC12}.Release|x64.ActiveCfg = Release|x64
		{3C6B9A16-ACCD-469A-A0FD-74FEA8D8EC12}.Release|x64.Build.0 = Release|x64
		{3C6B9A16-ACCD-469A-A0FD-74FEA8D8EC12}.Release|x86.ActiveCfg = Release|Win32
		{3C6B9A16-ACCD-469A-A0FD-74FEA8D8EC12}.Release|x86.Build.0 = Release|Win32
		{A044EC66-4D18-46F2-B3D1-264065315F1B}.Debug|x64.ActiveCfg = Debug|x64
		{A044EC66-4D18-46F2-B3D1-264065315F1B}.Debug|x64.Build.0 = Debug|x64
		{A044EC66-4D18-46F2-B3D1-264065315F1B}.Debug|x86.ActiveCfg = Debug|Win32
		{A044EC66-4D18-46F2-B3D1-264065315F1B}.Debug|x86.Build.0 = Debug|Win32
		{A044EC66-4D18-46F2-B3D1-264065315F1B}.Release|x64.ActiveCfg = Release|x64
		{A044EC66-4D18-46F2-B3D1-264065315F1B}.Release|x64.Build.0 = Release|x64
		{A044EC66-4D18-46F2-B3D1-264065315F1B}.Release|x86.ActiveCfg = Release|Win32
		{A044EC66-4D18-46F2-B3D1-264065315F1B}.Release|x86.Build.0 = Release|Win32
		{501EEC22-1997-4700-AECC-F2603AF43221}.Debug|x64.ActiveCfg = Debug|x64
		{501EEC22-1997-4700-AECC-F2603AF43221}.Debug|x64.Build.0 = Debug|x64
		{501EEC22-1997-4700-AECC-F2603AF43221}.Debug|x86.ActiveCfg = Debug|Win32
		{501EEC22-1997-4700-AECC-F2603AF43221}.Debug|x86.Build.0 = Debug|Win32
		{501EEC22-1997-4700-AECC-F2603AF43221}.Release|x64.ActiveCfg = Release|x64
		{501EEC22-1997-4700-AECC-F2603AF43221}.Release|x64.Build.0 = Release|x64
		{501EEC22-1997-4700-AECC-F2603AF43221}.Release|x86.ActiveCfg = Release|Win32
		{501EEC22-1997-4700-AECC-F2603AF43221}.Release|x86.Build.0 = Release|Win32
		{B8931416-3922-4DE2-A96D-7DD57E025369}.Debug|x64.ActiveCfg = Debug|x64
		{B8931416-3922-4DE2-A96D-7DD57E025369}.Debug|x64.Build.0 = Debug|x64
		{B8931416-3922-4DE2-A96D-7DD57E025369}.Debug|x86.ActiveCfg = Debug|Win32
		{B8931416-3922-4DE2-A96D-7DD57E025369}.Debug|x86.Build.0 = Debug|Win32
		{B8931416-3922-4DE2-A96D-7DD57E025369}.Release|x64.ActiveCfg = Release|x64
		{B8931416-3922-4DE2-A96D-7DD57E025369}.Release|x64.Build.0 = Release|x64
		{B8931416-3922-4DE2-A96D-7DD57E025369}.Release|x86.ActiveCfg = Release|Win32
		{B8931416-3922-4DE2-A96D-7DD57E025369}.Release|x86.Build.0 = Release|Win32
		{0CD3E704-9F85-4A9A-A3A9-D726D814E952}.Debug|x64.ActiveCfg = Debug|x64
		{0CD3E704-9F85-4A9A-A3A9-D726D814E952}.Debug|x64.Build.0 = Debug|x64
		{0CD3E704-9F85-4A9A-A3A9-D726D814E952}.Debug|x86.ActiveCfg = Debug|Win32
		{0CD3E704-9F85-4A9A-A3A9-D726D814E952}.Debug|x86.Build.0 = Debug|Win32
		{0CD3E704-9F85-4A9A-A3A9-D726D814E952}.Release|x64.ActiveCfg = Release|x64
		{0CD3E704-9F85-4A9A-A3A9-D726D814E952}.Release|x64.Build.0 = Release|x64
		{0CD3E704-9F85-4A9A-A3A9-D726D814E952}.Release|x86.ActiveCfg = Release|Win32
		{0CD3E704-9F85-4A9A-A3A9-D726D814E952}.Release|x86.Build.0 = Release|Win32
		{2F1FF6C5-C7F0-409B-9604-6CD8F52F3C0A}.Debug|x64.ActiveCfg = Debug|x64
		{2F1FF6C5-C7F0-409B-9604-6CD8F52F3C0A}.Debug|x64.Build.0 = Debug|x64
		{2F1FF6C5-C7F0-409B-9604-6CD8F52F3C0A}.Debug|x86.ActiveCfg = Debug|Win32
		{2F1FF6C5-C7F0-409B-9604-6CD8F52F3C0A}.Debug|x86.Build.0 = Debug|Win32
		{2F1FF6C5-C7F0-409B-9604-6CD8F52F3C0A}.Release|x64.ActiveCfg = Release|x64
		{2F1FF6C5-C7F0-409B-9604-6CD8F52F3C0A}.Release|x64.Build.0 = Release|x64
		{2F1FF6C5-C7F0-409B-9604-6CD8F52F3C0A}.Release|x86.ActiveCfg = Release|Win32
		{2F1FF6C5-C7F0-409B-9604-6CD8F52F3C0A}.Release|x86.Build.0 = Release|Win32
		{6EBCD002-6652-4100-A2A4-ED189C6143E8}.Debug|x64.ActiveCfg = Debug|x64
		{6EBCD002-6652-4100-A2A4-ED189C6143E8}.Debug|x64.Build.0 = Debug|x64
		{6EBCD002-6652-4100-A2A4-ED189C6143E8}.Debug|x86.ActiveCfg = Debug|Win32
		{6EBCD002-6652-4100-A2A4-ED189C6143E8}.Debug|x86.Build.0 = Debug|Win32
		{6EBCD002-6652-4100-A2A4-ED189C6143E8}.Release|x64.ActiveCfg = Release|x64
		{6EBCD002-6652-4100-A2A4-ED189C6143E8}.Release|x64.Build.0 = Release|x64
		{6EBCD002-6652-4100-A2A4-ED189C6143E8}.Release|x86.ActiveCfg = Release|Win32
		{6EBCD002-6652-4100-A2A4-ED189C6143E8}.Release|x86.Build.0 = Release|Win32
		{59BADB0A-15DE-4708-9C6F-4189464A4036}.Debug|x64.ActiveCfg = Debug|x64
		{59BADB0A-15DE-4708-9C6F-4189464A4036}.Debug|x64.Build.0 = Debug|x64
		{59BADB0A-15DE-4708-9C6F-4189464A4036}.Debug|x86.ActiveCfg = Debug|Win32
		{59BADB0A-15DE-4708-9C6F-4189464A4036}.Debug|x86.Build.0 = Debug|Win32
		{59BADB0A-15DE-4708-9C6F-4189464A4036}.Release|x64.ActiveCfg = Release|x64
		{59BADB0A-15DE-4708-9C6F-4189464A4036}.Release|x64.Build.0 = Release|x64
		{59BADB0A-15DE-4708-9C6F-4189464A4036}.Release|x86.ActiveCfg = Release|Win32
		{59BADB0A-15DE-4708-9C6F-4189464A4036}.Release|x86.Build.0 = Release|Win32
		{8F180FBA-95A8-439E-8822-FD8B393F587D}.Debug|x64.ActiveCfg = Debug|x64
		{8F180FBA-95A8-439E-8822-FD8B393F587D}.Debug|x64.Build.0 = Debug|x64
		{8F180FBA-95A8-439E-8822-FD8B393F587D}.Debug|x86.ActiveCfg = Debug|Win32
		{8F180FBA-95A8-439E-8822-FD8B393F587D}.Debug|x86.Build.0 = Debug|Win32
		{8F180FBA-95A8-439E-8822-FD8B393F587D}.Release|x64.ActiveCfg = Release|x64
		{8F180FBA-95A8-439E-8822-FD8B393F587D}.Release|x64.Build.0 = Release|x64
		{8F180FBA-95A8-439E-8822-FD8B393F587D}.Release|x86.ActiveCfg = Release|Win32
		{8F180FBA-95A8-439E-8822-FD8B393F587D}.Release|x86.Build.0 = Release|Win32
		{2C1DC4CA-DD83-48C9-BA02-97823A5002A5}.Debug|x64.ActiveCfg = Debug|x64
		{2C1DC4CA-DD83-48C9-BA02-97823A5002A5}.Debug|x64.Build.0 = Debug|x64
		{2C1DC4CA-DD83-48C9-BA02-97823A5002A5}.Debug|x86.ActiveCfg = Debug|Win32
		{2C1DC4CA-DD83-48C9-BA02-97823A5002A5}.Debug|x86.Build.0 = Debug|Win32
		{2C1DC4CA-DD83-48C9-BA02-97823A5002A5}.Release|x64.ActiveCfg = Release|x64
		{2C1DC4CA-DD83-48C9-BA02-97823A5002A5}.Release|x64.Build.0 = Release|x64
		{2C1DC4CA-DD83-48C9-BA02-97823A5002A5}.Release|x86.ActiveCfg = Release|Win32
		{2C1DC4CA-DD83-48C9-BA02-97823A5002A5}.Release|x86.Build.0 = Release|Win32
		{94353ED4-B2B6-485F-AEF5-BA770B60D1D1}.Debug|x64.ActiveCfg = Debug|x64
		{94353ED4-B2B6-485F-AEF5-BA770B60D1D1}.Debug|x64.Build.0 = Debug|x64
		{94353ED4-B2B6-485F-AEF5-BA770B60D1D1}.Debug|x86.ActiveCfg = Debug|Win32
		{94353ED4-B2B6-485F-AEF5-BA770B60D1D1}.Debug|x86.Build.0 = Debug|Win32
		{94353ED4-B2B6-485F-AEF5-BA770B60D1D1}.Release|x64.ActiveCfg = Release|x64
		{94353ED4-B2B6-485F-AEF5-BA770B60D1D1}.Release|x64.Build.0 = Release|x64
		{94353ED4-B2B6-485F-AEF5-BA770B60D1D1}.Release|x86.ActiveCfg = Release|Win32
		{94353ED4-B2B6-485F-AEF5-BA770B60D1D1}.Release|x86.Build.0 = Release|Win32
		{F73E9747-93B3-4B84-B40C-70FD6E858DFF}.Debug|x64.ActiveCfg = Debug|x64
		{F73E9747-93B3-4B84-B40C-70FD6E858DFF}.Debug|x64.Build.0 = Debug|x64
		{F73E9747-93B3-4B84-B40C-70FD6E858DFF}.Debug|x86.ActiveCfg = Debug|Win32
		{F73E9747-93B3-4B84-B40C-70FD6E858DFF}.Debug|x86.Build.0 = Debug|Win32
		{F73E9747-93B3-4B84-B40C-70FD6E858DFF}.Release|x64.ActiveCfg = Release|x64
		{F73E9747-93B3-4B84-B40C-70FD6E858DFF}.Release|x64.Build.0 = Release|x64
		{F73E9747-93B3-4B84-B40C-70FD6E858DFF}.Release|x86.ActiveCfg = Release|Win32
		{F73E9747-93B3-4B84-B40C-70FD6E858DFF}.Release|x86.Build.0 = Release|Win32
		{7F14B9D7-FE8A-48EF-B1EA-9843D42BAEC9}.Debug|x64.ActiveCfg = Debug|x64
		{7F14B9D7-FE8A-48EF-B1EA-9843D42BAEC9}.Debug|x64.Build.0 = Debug|x64
		{7F14B9D7-FE8A-48EF-B1EA-9843D42BAEC9}.Debug|x86.ActiveCfg = Debug|Win32
		{7F14B9D7-FE8A-48EF-B1EA-9843D42BAEC9}.Debug|x86.Build.0 = Debug|Win32
		{7F14B9D7-FE8A-48EF-B1EA-9843D42BAEC9}.Release|x64.ActiveCfg = Release|x64
		{7F14B9D7-FE8A-48EF-B1EA-9843D42BAEC9}.Release|x64.Build.0 = Release|x64
		{7F14B9D7-FE8A-48EF-B1EA-9843D42BAEC9}.Release|x86.ActiveCfg = Release|Win32
		{7F14B9D7-FE8A-48EF-B1EA-9843D42BAEC9}.Release|x86.Build.0 = Release|Win32
		{4D327FDB-6E75-435E-989D-9B815FDA386B}.Debug|x64.ActiveCfg = Debug|x64
		{4D327FDB-6E75-435E-989D-9B815FDA386B}.Debug|x64.Build.0 = Debug|x64
		{4D327FDB-6E75-435E-989D-9B815FDA386B}.Debug|x86.ActiveCfg = Debug|Win32
		{4D327FDB-6E75-435E-989D-9B815FDA386B}.Debug|x86.Build.0 = Debug|Win32
		{4D327FDB-6E75-435E-989D-9B815FDA386B}.Release|x64.ActiveCfg = Release|x64
		{4D327FDB-6E75-435E-989D-9B815FDA386B}.Release|x64.Build.0 = Release|x64
		{4D327FDB-6E75-435E-989D-9B815FDA386B}.Release|x86.ActiveCfg = Release|Win32
		{4D327FDB-6E75-435E-989D-9B815FDA386B}.Release|x86.Build.0 = Release|Win32
		{D341BD8A-E1CB-43EC-BF9E-6DD38C517F6E}.Debug|x64.ActiveCfg = Debug|x64
		{D341BD8A-E1CB-43EC-BF9E-6DD38C517F6E}.Debug|x64.Build.0 = Debug|x64
		{D341BD8A-E1CB-43EC-BF9E-6DD38C517F6E}.Debug|x86.ActiveCfg = Debug|Win32
		{D341BD8A-E1CB-43EC-BF9E-6DD38C517F6E}.Debug|x86.Build.0 = Debug|Win32
		{D341BD8A-E1CB-43EC-BF9E-6DD38C517F6E}.Release|x64.ActiveCfg = Release|x64
		{D341BD8A-E1CB-43EC-BF9E-6DD38C517F6E}.Release|x64.Build.0 = Release|x64
		{D341BD8A-E1CB-43EC-BF9E-6DD38C517F6E}.Release|x86.ActiveCfg = Release|Win32
		{D341BD8A-E1CB-43EC-BF9E-6DD38C517F6E}.Release|x86.Build.0 = Release|Win32
		{DC9FBD0F-BC23-4012-A1C9-E09036351B43}.Debug|x64.ActiveCfg = Debug|x64
		{DC9FBD0F-BC23-4012-A1C9-E09036351B43}.Debug|x64.Build.0 = Debug|x64
		{DC9FBD0F-BC23-4012-A1C9-E09036351B43}.Debug|x86.ActiveCfg = Debug|Win32
		{DC9FBD0F-BC23-4012-A1C9-E09036351B43}.Debug|x86.Build.0 = Debug|Win32
		{DC9FBD0F-BC23-4012-A1C9-E09036351B43}.Release|x64.ActiveCfg = Release|x64
		{DC9FBD0F-BC23-4012-A1C9-E09036351B43}.Release|x64.Build.0 = Release|x64
		{DC9FBD0F-BC23-4012-A1C9-E09036351B43}.Release|x86.ActiveCfg = Release|Win32
		{DC9FBD0F-BC23-4012-A1C9-E09036351B43}.Release|x86.Build.0 = Release|Win32
		{963C1D9E-26D4-4ED7-A926-1D67A1425E71}.Debug|x64.ActiveCfg = Debug|x64
		{963C1D9E-26D4-4ED7-A926-1D67A1425E71}.Debug|x64.Build.0 = Debug|x64
		{963C1D9E-26D4-4ED7-A926-1D67A1425E71}.Debug|x86.ActiveCfg = Debug|Win32
		{963C1D9E-26D4-4ED7-A926-1D67A1425E71}.Debug|x86.Build.0 = Debug|Win32
		{963C1D9E-26D4-4ED7-A926-1D67A1425E71}.Release|x64.ActiveCfg = Release|x64
		{963C1D9E-26D4-4ED7-A926-1D67A1425E71}.Release|x64.Build.0 = Release|x64
		{963C1D9E-26D4-4ED7-A926-1D67A1425E71}.Release|x86.ActiveCfg = Release|Win32
		{963C1D9E-26D4-4ED7-A926-1D67A1425E71}.Release|x86.Build.0 = Release|Win32
		{A941396E-09F0-4EFD-ACC8-673DEF55559E}.Debug|x64.ActiveCfg = Debug|x64
		{A941396E-09F0-4EFD-ACC8-673DEF55559E}.Debug|x64.Build.0 = Debug|x64
		{A941396E-09F0-4EFD-ACC8-673DEF55559E}.Debug|x86.ActiveCfg = Debug|Win32
		{A941396E-09F0-4EFD-ACC8-673DEF55559E}.Debug|x86.Build.0 = Debug|Win32
		{A941396E-09F0-4EFD-ACC8-673DEF55559E}.Release|x64.ActiveCfg = Release|x64
		{A941396E-09F0-4EFD-ACC8-673DEF55559E}.Release|x64.Build.0 = Release|x64
		{A941396E-09F0-4EFD-ACC8-673DEF55559E}.Release|x86.ActiveCfg = Release|Win32
		{A941396E-09F0-4EFD-ACC8-673DEF55559E}.Release|x86.Build.0 = Release|Win32
		{73A5C3AF-98FF-4849-AD81-7EDC4CD7B7EA}.Debug|x64.ActiveCfg = Debug|x64
		{73A5C3AF-98FF-4849-AD81-7EDC4CD7B7EA}.Debug|x64.Build.0 = Debug|x64
		{73A5C3AF-98FF-4849-AD81-7EDC4CD7B7EA}.Debug|x86.ActiveCfg = Debug|Win32
		{73A5C3AF-98FF-4849-AD81-7EDC4CD7B7EA}.Debug|x86.Build.0 = Debug|Win32
		{73A5C3AF-98FF-4849-AD81-7EDC4CD7B7EA}.Release|x64.ActiveCfg = Release|x64
		{73A5C3AF-98FF-4849-AD81-7EDC4CD7B7EA}.Release|x64.Build.0 = Release|x64
		{73A5C3AF-98FF-4849-AD81-7EDC4CD7B7EA}.Release|x86.ActiveCfg = Release|Win32
		{73A5C3AF-98FF-4849-AD81-7EDC4CD7B7EA}.Release|x86.Build.0 = Release|Win32
	EndGlobalSection
	GlobalSection(SolutionProperties) = preSolution
		HideSolutionNode = FALSE
	EndGlobalSection
	GlobalSection(ExtensibilityGlobals) = postSolution
		SolutionGuid = {AEB07E40-E265-4CEB-BDC9-6571831989B9}
	EndGlobalSection
EndGlobal
